
Microsoft Visual Studio Solution File, Format Version 12.00
# Visual Studio 15
VisualStudioVersion = 15.0.28307.960
MinimumVisualStudioVersion = 10.0.40219.1
Project("{FAE04EC0-301F-11D3-BF4B-00C04F79EFBC}") = "FizzBuzz", "FizzBuzz\FizzBuzz.csproj", "{12FA8BAF-D1C5-40AC-AEAC-F69284662A59}"
EndProject
Project("{FAE04EC0-301F-11D3-BF4B-00C04F79EFBC}") = "FizzBuzz.Tests", "FizzBuzz.Tests\FizzBuzz.Tests.csproj", "{D78040CF-4352-4D27-9A31-2420B38A83D1}"
EndProject
Global
	GlobalSection(SolutionConfigurationPlatforms) = preSolution
		Debug|Any CPU = Debug|Any CPU
		Release|Any CPU = Release|Any CPU
	EndGlobalSection
	GlobalSection(ProjectConfigurationPlatforms) = postSolution
		{12FA8BAF-D1C5-40AC-AEAC-F69284662A59}.Debug|Any CPU.ActiveCfg = Debug|Any CPU
		{12FA8BAF-D1C5-40AC-AEAC-F69284662A59}.Debug|Any CPU.Build.0 = Debug|Any CPU
		{12FA8BAF-D1C5-40AC-AEAC-F69284662A59}.Release|Any CPU.ActiveCfg = Release|Any CPU
		{12FA8BAF-D1C5-40AC-AEAC-F69284662A59}.Release|Any CPU.Build.0 = Release|Any CPU
		{D78040CF-4352-4D27-9A31-2420B38A83D1}.Debug|Any CPU.ActiveCfg = Debug|Any CPU
		{D78040CF-4352-4D27-9A31-2420B38A83D1}.Debug|Any CPU.Build.0 = Debug|Any CPU
		{D78040CF-4352-4D27-9A31-2420B38A83D1}.Release|Any CPU.ActiveCfg = Release|Any CPU
		{D78040CF-4352-4D27-9A31-2420B38A83D1}.Release|Any CPU.Build.0 = Release|Any CPU
	EndGlobalSection
	GlobalSection(SolutionProperties) = preSolution
		HideSolutionNode = FALSE
	EndGlobalSection
	GlobalSection(ExtensibilityGlobals) = postSolution
		SolutionGuid = {0ABEEBE8-E561-48E7-851D-92BAF72F1656}
	EndGlobalSection
EndGlobal
